<?xml version="1.0" encoding="utf-8"?>
<Project ToolsVersion="4.0" xmlns="http://schemas.microsoft.com/developer/msbuild/2003">
  <ItemGroup>
    <Filter Include="Source Files">
      <UniqueIdentifier>{4FC737F1-C7A5-4376-A066-2A32D752A2FF}</UniqueIdentifier>
      <Extensions>cpp;c;cc;cxx;def;odl;idl;hpj;bat;asm;asmx</Extensions>
    </Filter>
    <Filter Include="Header Files">
      <UniqueIdentifier>{93995380-89BD-4b04-88EB-625FBE52EBFB}</UniqueIdentifier>
      <Extensions>h;hh;hpp;hxx;hm;inl;inc;xsd</Extensions>
    </Filter>
    <Filter Include="Resource Files">
      <UniqueIdentifier>{67DA6AB6-F800-4c08-8B7A-83BB121AAD01}</UniqueIdentifier>
      <Extensions>rc;ico;cur;bmp;dlg;rc2;rct;bin;rgs;gif;jpg;jpeg;jpe;resx;tiff;tif;png;wav;mfcribbon-ms</Extensions>
    </Filter>
    <Filter Include="Source Files\controllers">
      <UniqueIdentifier>{2b711fe3-39c0-4ff8-b9c1-b4f369d041a6}</UniqueIdentifier>
    </Filter>
    <Filter Include="Source Files\renderers">
      <UniqueIdentifier>{1cfdd565-6cfa-47b0-99b5-f993beb5f134}</UniqueIdentifier>
    </Filter>
    <Filter Include="Source Files\models">
      <UniqueIdentifier>{30583044-9e7f-406b-862d-63394a1bea2b}</UniqueIdentifier>
    </Filter>
    <Filter Include="Source Files\utilities">
      <UniqueIdentifier>{31b6c0a1-c3f8-4da8-a275-3423878b8128}</UniqueIdentifier>
    </Filter>
    <Filter Include="Source Files\config">
      <UniqueIdentifier>{5870868b-edcf-4333-87f7-b39efa83b1e2}</UniqueIdentifier>
    </Filter>
  </ItemGroup>
  <ItemGroup>
    <ClCompile Include="src\main.cpp">
      <Filter>Source Files</Filter>
    </ClCompile>
    <ClCompile Include="src\application.cpp">
      <Filter>Source Files</Filter>
    </ClCompile>
    <ClCompile Include="src\controllers\game_controller.cpp">
      <Filter>Source Files\controllers</Filter>
    </ClCompile>
    <ClCompile Include="src\controllers\moving_object_controller.cpp">
      <Filter>Source Files\controllers</Filter>
    </ClCompile>
    <ClCompile Include="src\controllers\player_controller.cpp">
      <Filter>Source Files\controllers</Filter>
    </ClCompile>
    <ClCompile Include="src\renderers\game_renderer.cpp">
      <Filter>Source Files\renderers</Filter>
    </ClCompile>
    <ClCompile Include="src\renderers\player_renderer.cpp">
      <Filter>Source Files\renderers</Filter>
    </ClCompile>
    <ClCompile Include="src\models\game.cpp">
      <Filter>Source Files\models</Filter>
    </ClCompile>
    <ClCompile Include="src\models\game_object.cpp">
      <Filter>Source Files\models</Filter>
    </ClCompile>
    <ClCompile Include="src\models\moving_object.cpp">
      <Filter>Source Files\models</Filter>
    </ClCompile>
    <ClCompile Include="src\models\player.cpp">
      <Filter>Source Files\models</Filter>
    </ClCompile>
    <ClCompile Include="src\utilities\delta.cpp">
      <Filter>Source Files\utilities</Filter>
    </ClCompile>
    <ClCompile Include="src\models\level.cpp">
      <Filter>Source Files\models</Filter>
    </ClCompile>
    <ClCompile Include="src\models\tile.cpp">
      <Filter>Source Files\models</Filter>
    </ClCompile>
    <ClCompile Include="src\renderers\tile_renderer.cpp">
      <Filter>Source Files\renderers</Filter>
    </ClCompile>
    <ClCompile Include="src\renderers\level_renderer.cpp">
      <Filter>Source Files\renderers</Filter>
    </ClCompile>
    <ClCompile Include="src\renderers\game_object_renderer.cpp">
      <Filter>Source Files\renderers</Filter>
    </ClCompile>
    <ClCompile Include="src\utilities\collision_detector.cpp">
      <Filter>Source Files\utilities</Filter>
    </ClCompile>
    <ClCompile Include="src\controllers\level_controller.cpp">
      <Filter>Source Files\controllers</Filter>
    </ClCompile>
    <ClCompile Include="src\models\collectable.cpp">
      <Filter>Source Files\models</Filter>
    </ClCompile>
    <ClCompile Include="src\renderers\collectable_renderer.cpp">
      <Filter>Source Files\renderers</Filter>
    </ClCompile>
    <ClCompile Include="src\models\pac_dot.cpp">
      <Filter>Source Files\models</Filter>
    </ClCompile>
    <ClCompile Include="src\models\power_up.cpp">
      <Filter>Source Files\models</Filter>
    </ClCompile>
    <ClCompile Include="src\renderers\score_renderer.cpp">
      <Filter>Source Files\renderers</Filter>
    </ClCompile>
    <ClCompile Include="src\utilities\fonts.cpp">
      <Filter>Source Files\utilities</Filter>
    </ClCompile>
    <ClCompile Include="src\models\ghost.cpp">
      <Filter>Source Files\models</Filter>
    </ClCompile>
    <ClCompile Include="src\controllers\ghost_controller.cpp">
      <Filter>Source Files\controllers</Filter>
    </ClCompile>
    <ClCompile Include="src\renderers\ghost_renderer.cpp">
      <Filter>Source Files\renderers</Filter>
    </ClCompile>
    <ClCompile Include="src\controllers\ghost_mode_controller.cpp">
      <Filter>Source Files\controllers</Filter>
    </ClCompile>
    <ClCompile Include="src\utilities\textures.cpp">
      <Filter>Source Files\utilities</Filter>
    </ClCompile>
    <ClCompile Include="src\renderers\moving_object_renderer.cpp">
      <Filter>Source Files\renderers</Filter>
    </ClCompile>
    <ClCompile Include="src\utilities\keyboard_handler.cpp">
      <Filter>Source Files\utilities</Filter>
    </ClCompile>
    <ClCompile Include="src\models\map.cpp">
      <Filter>Source Files\models</Filter>
    </ClCompile>
  </ItemGroup>
  <ItemGroup>
    <ClInclude Include="src\application.h">
      <Filter>Source Files</Filter>
    </ClInclude>
    <ClInclude Include="src\vector_2f.h">
      <Filter>Source Files</Filter>
    </ClInclude>
    <ClInclude Include="src\size.h">
      <Filter>Source Files</Filter>
    </ClInclude>
    <ClInclude Include="src\controllers\game_controller.h">
      <Filter>Source Files\controllers</Filter>
    </ClInclude>
    <ClInclude Include="src\controllers\moving_object_controller.h">
      <Filter>Source Files\controllers</Filter>
    </ClInclude>
    <ClInclude Include="src\controllers\player_controller.h">
      <Filter>Source Files\controllers</Filter>
    </ClInclude>
    <ClInclude Include="src\renderers\game_renderer.h">
      <Filter>Source Files\renderers</Filter>
    </ClInclude>
    <ClInclude Include="src\renderers\player_renderer.h">
      <Filter>Source Files\renderers</Filter>
    </ClInclude>
    <ClInclude Include="src\models\game.h">
      <Filter>Source Files\models</Filter>
    </ClInclude>
    <ClInclude Include="src\models\game_object.h">
      <Filter>Source Files\models</Filter>
    </ClInclude>
    <ClInclude Include="src\models\moving_object.h">
      <Filter>Source Files\models</Filter>
    </ClInclude>
    <ClInclude Include="src\models\player.h">
      <Filter>Source Files\models</Filter>
    </ClInclude>
    <ClInclude Include="src\utilities\delta.h">
      <Filter>Source Files\utilities</Filter>
    </ClInclude>
    <ClInclude Include="src\models\level.h">
      <Filter>Source Files\models</Filter>
    </ClInclude>
    <ClInclude Include="src\models\tile.h">
      <Filter>Source Files\models</Filter>
    </ClInclude>
    <ClInclude Include="src\renderers\tile_renderer.h">
      <Filter>Source Files\renderers</Filter>
    </ClInclude>
    <ClInclude Include="src\renderers\level_renderer.h">
      <Filter>Source Files\renderers</Filter>
    </ClInclude>
    <ClInclude Include="src\renderers\game_object_renderer.h">
      <Filter>Source Files\renderers</Filter>
    </ClInclude>
    <ClInclude Include="src\renderers\base_renderer.h">
      <Filter>Source Files\renderers</Filter>
    </ClInclude>
    <ClInclude Include="src\utilities\collision_detector.h">
      <Filter>Source Files\utilities</Filter>
    </ClInclude>
    <ClInclude Include="src\controllers\level_controller.h">
      <Filter>Source Files\controllers</Filter>
    </ClInclude>
    <ClInclude Include="src\utilities\directions.h">
      <Filter>Source Files\utilities</Filter>
    </ClInclude>
    <ClInclude Include="src\models\collectable.h">
      <Filter>Source Files\models</Filter>
    </ClInclude>
    <ClInclude Include="src\renderers\collectable_renderer.h">
      <Filter>Source Files\renderers</Filter>
    </ClInclude>
    <ClInclude Include="src\models\pac_dot.h">
      <Filter>Source Files\models</Filter>
    </ClInclude>
    <ClInclude Include="src\models\power_up.h">
      <Filter>Source Files\models</Filter>
    </ClInclude>
    <ClInclude Include="src\utilities\map_loader.h">
      <Filter>Source Files\utilities</Filter>
    </ClInclude>
    <ClInclude Include="src\models\score.h">
      <Filter>Source Files\models</Filter>
    </ClInclude>
    <ClInclude Include="src\renderers\score_renderer.h">
      <Filter>Source Files\renderers</Filter>
    </ClInclude>
    <ClInclude Include="src\utilities\fonts.h">
      <Filter>Source Files\utilities</Filter>
    </ClInclude>
    <ClInclude Include="src\models\game_state.h">
      <Filter>Source Files\models</Filter>
    </ClInclude>
    <ClInclude Include="src\models\ghost.h">
      <Filter>Source Files\models</Filter>
    </ClInclude>
    <ClInclude Include="src\controllers\ghost_controller.h">
      <Filter>Source Files\controllers</Filter>
    </ClInclude>
    <ClInclude Include="src\renderers\ghost_renderer.h">
      <Filter>Source Files\renderers</Filter>
    </ClInclude>
    <ClInclude Include="src\models\ghost_mode.h">
      <Filter>Source Files\models</Filter>
    </ClInclude>
    <ClInclude Include="src\controllers\ghost_mode_controller.h">
      <Filter>Source Files\controllers</Filter>
    </ClInclude>
    <ClInclude Include="src\config\application_settings.h">
      <Filter>Source Files\config</Filter>
    </ClInclude>
    <ClInclude Include="src\config\game_settings.h">
      <Filter>Source Files\config</Filter>
    </ClInclude>
    <ClInclude Include="src\utilities\textures.h">
      <Filter>Source Files\utilities</Filter>
    </ClInclude>
    <ClInclude Include="src\renderers\moving_object_renderer.h">
      <Filter>Source Files\renderers</Filter>
    </ClInclude>
    <ClInclude Include="src\utilities\keyboard_handler.h">
      <Filter>Source Files\utilities</Filter>
    </ClInclude>
    <ClInclude Include="src\models\map.h">
      <Filter>Source Files\models</Filter>
    </ClInclude>
  </ItemGroup>
  <ItemGroup>
    <None Include="ClassDiagram.cd" />
    <None Include="ClassDiagram1.cd" />
    <None Include="ClassDiagram2.cd" />
  </ItemGroup>
</Project>